# This file is autogenerated, do not edit; changes may be undone by the next 'dep ensure'.


[[projects]]
  digest = "1:e8b791fc1f4ce248885a5a71dc727e51e301593d1eba7d68cca53f9290e614ab"
  name = "github.com/goshield/interfaces"
  packages = ["."]
  pruneopts = "UT"
  revision = "019cea31fa8328596c46704f36373696c6408238"
  version = "v1.1.0"

[[projects]]
  digest = "1:0c499e87eab17bd2e98abbeb2df61f93fad299e44a770314ab108ab4b08aae39"
  name = "github.com/goshield/tools"
  packages = ["."]
  pruneopts = "UT"
  revision = "16885a0589945eced49352f59b85dd80f49556a5"
  version = "v1.1.0"

[[projects]]
  digest = "1:f97285a3b0a496dcf8801072622230d513f69175665d94de60eb042d03387f6c"
  name = "github.com/julienschmidt/httprouter"
  packages = ["."]
  pruneopts = "UT"
  revision = "348b672cd90d8190f8240323e372ecd1e66b59dc"
  version = "v1.2.0"

[solve-meta]
  analyzer-name = "dep"
  analyzer-version = 1
  input-imports = [
    "github.com/goshield/interfaces",
    "github.com/goshield/tools",
    "github.com/julienschmidt/httprouter",
  ]
  solver-name = "gps-cdcl"
  solver-version = 1
