# This file is autogenerated, do not edit; changes may be undone by the next 'dep ensure'.


[[projects]]
  digest = "1:b3458bc5b149afb992254e0901cdb02918e8c8e1271a85feb0f81ca8dcefd4fc"
  name = "github.com/goshield/interfaces"
  packages = ["."]
  pruneopts = "UT"
  revision = "1db1bc93fbca2f4f24f1e6e964e1315a5c085782"
  version = "v1.2.0"

[[projects]]
  digest = "1:540427f9ba127ef8fc36ffe3c0f120bddbdfacbb18603ff1866e3762de1d3471"
  name = "github.com/goshield/tools"
  packages = ["."]
  pruneopts = "UT"
  revision = "dd2b1da8df8c3f3709d93d7cf697f4e4044e1caf"
  version = "v1.2.0"

[[projects]]
  digest = "1:84a35669b4b31cc20ffc89c3b2ab32f2189fb2366a973efa1c25e009ef6ae1c6"
  name = "github.com/julienschmidt/httprouter"
  packages = ["."]
  pruneopts = "UT"
  revision = "4eec211fa4e8df74ed978dc5681612131854144f"
  version = "v1.3.0"

[solve-meta]
  analyzer-name = "dep"
  analyzer-version = 1
  input-imports = [
    "github.com/goshield/interfaces",
    "github.com/goshield/tools",
    "github.com/julienschmidt/httprouter",
  ]
  solver-name = "gps-cdcl"
  solver-version = 1
